<?xml version="1.0" encoding="utf-8"?>
<Project ToolsVersion="4.0" xmlns="http://schemas.microsoft.com/developer/msbuild/2003">
  <ItemGroup>
    <ClInclude Include="Deprecated\Player.h" />
    <ClInclude Include="json.hpp" />
    <ClInclude Include="Include\Game.h" />
    <ClInclude Include="Include\EditorScene.h" />
    <ClInclude Include="Include\EditorPart.h" />
    <ClInclude Include="Include\EditorMouse.h" />
    <ClInclude Include="Include\Cell.h" />
    <ClInclude Include="Include\Connector.h" />
    <ClInclude Include="Include\BaseGamePlayScene.h" />
    <ClInclude Include="Include\BaseBuilderEditiorBox.h" />
    <ClInclude Include="Include\Agent.h" />
    <ClInclude Include="Include\Animator.h" />
    <ClInclude Include="Include\BaseBuilderScene.h" />
    <ClInclude Include="Include\GameData.h" />
    <ClInclude Include="Include\GameplayScene.h" />
    <ClInclude Include="Include\Globals.h" />
    <ClInclude Include="Include\Job.h" />
    <ClInclude Include="Include\Grid.h" />
    <ClInclude Include="Include\Loader.h" />
    <ClInclude Include="Include\MenuScene.h" />
    <ClInclude Include="Include\MapSaver.h" />
    <ClInclude Include="Include\MovableCamera.h" />
    <ClInclude Include="Include\Node.h" />
    <ClInclude Include="Include\NPC.h" />
    <ClInclude Include="Include\ParticleSystem.h" />
    <ClInclude Include="Include\Particle.h" />
    <ClInclude Include="Include\PartsLibarary.h" />
    <ClInclude Include="Include\Room.h" />
    <ClInclude Include="Include\RotationMath.h" />
    <ClInclude Include="Include\Scene.h" />
    <ClInclude Include="Include\VectorMath.h" />
    <ClInclude Include="Include\UIScreenBorder.h" />
    <ClInclude Include="Include\UIEditorBox.h" />
    <ClInclude Include="Include\UI.h" />
    <ClInclude Include="Include\TileLibrary.h" />
    <ClInclude Include="Include\Tile.h" />
    <ClInclude Include="Include\TextureSplitter.h" />
    <ClInclude Include="Include\Texture.h" />
    <ClInclude Include="Include\ShipPartEditiorBox.h" />
    <ClInclude Include="Include\ShipPart.h" />
    <ClInclude Include="Include\Ship.h" />
    <ClInclude Include="Include\Search.h" />
    <ClInclude Include="Include\SceneManager.h" />
    <ClInclude Include="resource.h" />
    <ClInclude Include="Include\Scenes\SceneManager.h" />
    <ClInclude Include="Include\Scenes\Scene.h" />
    <ClInclude Include="Include\Scenes\MenuScene.h" />
    <ClInclude Include="Include\Scenes\GameplayScene.h" />
    <ClInclude Include="Include\Scenes\BaseGamePlayScene.h" />
    <ClInclude Include="Include\Scenes\BaseBuilderScene.h" />
    <ClInclude Include="Include\Scenes\EditorScene.h" />
    <ClInclude Include="Include\NPC\Agent.h" />
    <ClInclude Include="Include\NPC\Animator.h" />
    <ClInclude Include="Include\NPC\NPC.h" />
    <ClInclude Include="Include\NPC\Behaviour.h" />
    <ClInclude Include="Include\NPC\AgentUser.h" />
    <ClInclude Include="Include\NPC\BehaviourManagert.h" />
    <ClInclude Include="Include\NPC\BehaviourTypes.h" />
    <ClInclude Include="Include\NPC\Wander.h" />
    <ClInclude Include="Include\NPC\Action.h" />
    <ClInclude Include="Include\RoomBuilderEditiorBox.h" />
    <ClInclude Include="Include\RoomLibrary.h" />
  </ItemGroup>
  <ItemGroup>
    <ResourceCompile Include="fun.rc" />
  </ItemGroup>
  <ItemGroup>
    <Image Include="ASSETS\IMAGES\SFML-LOGO.png" />
  </ItemGroup>
  <ItemGroup>
    <Font Include="ASSETS\FONTS\ariblk.ttf" />
  </ItemGroup>
  <ItemGroup>
    <None Include="map.json" />
    <None Include="fun.aps" />
  </ItemGroup>
  <ItemGroup>
    <ClCompile Include="Source\main.cpp" />
    <ClCompile Include="Source\BaseBuilderEditiorBox.cpp" />
    <ClCompile Include="Source\Cell.cpp" />
    <ClCompile Include="Source\Connector.cpp" />
    <ClCompile Include="Source\EditorMouse.cpp" />
    <ClCompile Include="Source\Game.cpp" />
    <ClCompile Include="Source\GameData.cpp" />
    <ClCompile Include="Source\Grid.cpp" />
    <ClCompile Include="Source\Job.cpp" />
    <ClCompile Include="Source\Loader.cpp" />
    <ClCompile Include="Source\MapSaver.cpp" />
    <ClCompile Include="Source\MovableCamera.cpp" />
    <ClCompile Include="Source\Node.cpp" />
    <ClCompile Include="Source\Particle.cpp" />
    <ClCompile Include="Source\ParticleSystem.cpp" />
    <ClCompile Include="Source\PartsLibarary.cpp" />
    <ClCompile Include="Source\Room.cpp" />
    <ClCompile Include="Source\RotationMath.cpp" />
    <ClCompile Include="Source\Search.cpp" />
    <ClCompile Include="Source\Ship.cpp" />
    <ClCompile Include="Source\ShipPart.cpp" />
    <ClCompile Include="Source\ShipPartEditiorBox.cpp" />
    <ClCompile Include="Source\TextureSplitter.cpp" />
    <ClCompile Include="Source\Tile.cpp" />
    <ClCompile Include="Source\TileLibrary.cpp" />
    <ClCompile Include="Source\UI.cpp" />
    <ClCompile Include="Source\UIEditorBox.cpp" />
    <ClCompile Include="Source\UIScreenBorder.cpp" />
    <ClCompile Include="Source\VectorMath.cpp" />
    <ClCompile Include="Source\Scenes\BaseBuilderScene.cpp" />
    <ClCompile Include="Source\Scenes\BaseGamePlayScene.cpp" />
    <ClCompile Include="Source\Scenes\EditorScene.cpp" />
    <ClCompile Include="Source\Scenes\GameplayScene.cpp" />
    <ClCompile Include="Source\Scenes\MenuScene.cpp" />
    <ClCompile Include="Source\Scenes\Scene.cpp" />
    <ClCompile Include="Source\Scenes\SceneManager.cpp" />
    <ClCompile Include="Source\NPC\Agent.cpp" />
    <ClCompile Include="Source\NPC\Animator.cpp" />
    <ClCompile Include="Source\NPC\NPC.cpp" />
    <ClCompile Include="Source\NPC\BehaviourManagert.cpp" />
    <ClCompile Include="Source\NPC\Wander.cpp" />
    <ClCompile Include="Source\RoomBuilderEditiorBox.cpp" />
    <ClCompile Include="Source\RoomLibrary.cpp" />
  </ItemGroup>
  <ItemGroup>
    <Text Include="map.txt" />
  </ItemGroup>
</Project>