<?xml version="1.0" encoding="utf-8"?>
<Project ToolsVersion="4.0" xmlns="http://schemas.microsoft.com/developer/msbuild/2003">
  <ItemGroup>
    <ClInclude Include="Deprecated\Player.h" />
    <ClInclude Include="json.hpp" />
    <ClInclude Include="Include\Game.h" />
    <ClInclude Include="Include\GameData.h" />
    <ClInclude Include="Include\Globals.h" />
    <ClInclude Include="Include\Job.h" />
    <ClInclude Include="Include\Grid.h" />
    <ClInclude Include="Include\Loader.h" />
    <ClInclude Include="Include\MenuScene.h" />
    <ClInclude Include="Include\MapSaver.h" />
    <ClInclude Include="Include\MovableCamera.h" />
    <ClInclude Include="Include\Node.h" />
    <ClInclude Include="Include\NPC.h" />
    <ClInclude Include="Include\ParticleSystem.h" />
    <ClInclude Include="Include\Particle.h" />
    <ClInclude Include="Include\PartsLibarary.h" />
    <ClInclude Include="Include\Room.h" />
    <ClInclude Include="Include\RotationMath.h" />
    <ClInclude Include="Include\Scene.h" />
    <ClInclude Include="Include\VectorMath.h" />
    <ClInclude Include="Include\UIScreenBorder.h" />
    <ClInclude Include="Include\UIEditorBox.h" />
    <ClInclude Include="Include\UI.h" />
    <ClInclude Include="Include\TileLibrary.h" />
    <ClInclude Include="Include\Tile.h" />
    <ClInclude Include="Include\TextureSplitter.h" />
    <ClInclude Include="Include\Texture.h" />
    <ClInclude Include="Include\ShipPartEditiorBox.h" />
    <ClInclude Include="Include\ShipPart.h" />
    <ClInclude Include="Include\Ship.h" />
    <ClInclude Include="Include\Search.h" />
    <ClInclude Include="Include\SceneManager.h" />
    <ClInclude Include="resource.h" />
    <ClInclude Include="Include\Scenes\SceneManager.h" />
    <ClInclude Include="Include\Scenes\Scene.h" />
    <ClInclude Include="Include\Scenes\MenuScene.h" />
    <ClInclude Include="Include\Scenes\ShipGameplayScene.h" />
    <ClInclude Include="Include\Scenes\BaseGamePlayScene.h" />
    <ClInclude Include="Include\Scenes\RoomBuilderScene.h" />
    <ClInclude Include="Include\Scenes\ShipEditorScene.h" />
    <ClInclude Include="Include\NPC\Agent.h" />
    <ClInclude Include="Include\NPC\Animator.h" />
    <ClInclude Include="Include\NPC\NPC.h" />
    <ClInclude Include="Include\NPC\Behaviour.h" />
    <ClInclude Include="Include\NPC\AgentUser.h" />
    <ClInclude Include="Include\NPC\BehaviourManagert.h" />
    <ClInclude Include="Include\NPC\BehaviourTypes.h" />
    <ClInclude Include="Include\NPC\Wander.h" />
    <ClInclude Include="Include\NPC\Action.h" />
    <ClInclude Include="Include\RoomBuilderEditiorBox.h" />
    <ClInclude Include="Include\Utility\FileReader.h" />
    <ClInclude Include="Include\Utility\MapSaver.h" />
    <ClInclude Include="Include\Utility\RotationMath.h" />
    <ClInclude Include="Include\Utility\VectorMath.h" />
    <ClInclude Include="Include\Ship\PartsLibarary.h" />
    <ClInclude Include="Include\Ship\ShipPart.h" />
    <ClInclude Include="Include\Ship\Ship.h" />
    <ClInclude Include="Include\Ship\ShipPartEditiorBox.h" />
    <ClInclude Include="Include\World\Cell.h" />
    <ClInclude Include="Include\World\Grid.h" />
    <ClInclude Include="Include\World\Node.h" />
    <ClInclude Include="Include\World\Room.h" />
    <ClInclude Include="Include\World\Search.h" />
    <ClInclude Include="Include\World\Tile.h" />
    <ClInclude Include="Include\Librarys\Loader.h" />
    <ClInclude Include="Include\Librarys\RoomLibrary.h" />
    <ClInclude Include="Include\Librarys\TileLibrary.h" />
    <ClInclude Include="Include\Ship\Connector.h" />
    <ClInclude Include="Include\UI\UIEditorBox.h" />
    <ClInclude Include="Include\UI\UIScreenBorder.h" />
    <ClInclude Include="Include\UI\UI.h" />
    <ClInclude Include="Include\Editor\TileEditorBox.h" />
    <ClInclude Include="Include\Editor\EditorMouse.h" />
    <ClInclude Include="Include\Editor\RoomEditiorBox.h" />
    <ClInclude Include="Include\Scenes\BaseBuilderScene.h" />
    <ClInclude Include="Include\Utility\Texture.h" />
    <ClInclude Include="Include\UI\Button.h" />
    <ClInclude Include="Include\Scenes\SceneTypes.h" />
    <ClInclude Include="Include\BasePlayer.h" />
    <ClInclude Include="Include\json.hpp" />
    <ClInclude Include="Include\Librarys\WorldItemLibrary.h" />
    <ClInclude Include="Include\World\EditorITem.h" />
    <ClInclude Include="Include\World\ShipBuilderTerminal.h" />
    <ClInclude Include="Include\WorldItems\WorldItem.h" />
    <ClInclude Include="Include\WorldItems\ShipBuilderTerminal.h" />
    <ClInclude Include="Include\WorldItems\EditorITem.h" />
    <ClInclude Include="Include\Scenes\DungeonGenerationTest.h" />
    <ClInclude Include="Include\DungeonGeneration\DungeonGeneration.h" />
    <ClInclude Include="GeneratedRoom.h" />
    <ClInclude Include="Include\Scenes\GeneratedDungionNPCTest.h" />
    <ClInclude Include="Include\NPC\BehaviourTree\BehaviourNode.h" />
    <ClInclude Include="Include\NPC\BehaviourTree\Selector.h" />
    <ClInclude Include="Include\NPC\BehaviourTree\ConditionNodes.h" />
    <ClInclude Include="Include\NPC\BehaviourTree\Sequence.h" />
    <ClInclude Include="Include\GameObject.h" />
    <ClInclude Include="Include\NPC\Talking.h" />
    <ClInclude Include="Include\NPC\Attack.h" />
    <ClInclude Include="Include\Weapons\Weapon.h" />
    <ClInclude Include="Include\Weapons\MachineGun.h" />
    <ClInclude Include="Include\Weapons\Bullet.h" />
    <ClInclude Include="Include\NPC\Death.h" />
  </ItemGroup>
  <ItemGroup>
    <ResourceCompile Include="fun.rc" />
  </ItemGroup>
  <ItemGroup>
    <Image Include="ASSETS\IMAGES\SFML-LOGO.png" />
  </ItemGroup>
  <ItemGroup>
    <Font Include="ASSETS\FONTS\ariblk.ttf" />
  </ItemGroup>
  <ItemGroup>
    <None Include="map.json" />
    <None Include="fun.aps" />
  </ItemGroup>
  <ItemGroup>
    <ClCompile Include="Source\main.cpp" />
    <ClCompile Include="Source\Game.cpp" />
    <ClCompile Include="Source\GameData.cpp" />
    <ClCompile Include="Source\MovableCamera.cpp" />
    <ClCompile Include="Source\Particle.cpp" />
    <ClCompile Include="Source\ParticleSystem.cpp" />
    <ClCompile Include="Source\TextureSplitter.cpp" />
    <ClCompile Include="Source\Scenes\RoomBuilderScene.cpp" />
    <ClCompile Include="Source\Scenes\BaseGamePlayScene.cpp" />
    <ClCompile Include="Source\Scenes\ShipEditorScene.cpp" />
    <ClCompile Include="Source\Scenes\ShipGameplayScene.cpp" />
    <ClCompile Include="Source\Scenes\MenuScene.cpp" />
    <ClCompile Include="Source\Scenes\Scene.cpp" />
    <ClCompile Include="Source\Scenes\SceneManager.cpp" />
    <ClCompile Include="Source\NPC\Agent.cpp" />
    <ClCompile Include="Source\NPC\Animator.cpp" />
    <ClCompile Include="Source\NPC\NPC.cpp" />
    <ClCompile Include="Source\NPC\BehaviourManagert.cpp" />
    <ClCompile Include="Source\NPC\Wander.cpp" />
    <ClCompile Include="Source\Utility\MapSaver.cpp" />
    <ClCompile Include="Source\Utility\RotationMath.cpp" />
    <ClCompile Include="Source\Utility\VectorMath.cpp" />
    <ClCompile Include="Source\Utility\FileReader.cpp" />
    <ClCompile Include="Source\Ship\ShipPartEditiorBox.cpp" />
    <ClCompile Include="Source\Ship\ShipPart.cpp" />
    <ClCompile Include="Source\Ship\Ship.cpp" />
    <ClCompile Include="Source\Ship\PartsLibarary.cpp" />
    <ClCompile Include="Source\World\Cell.cpp" />
    <ClCompile Include="Source\World\Node.cpp" />
    <ClCompile Include="Source\World\Grid.cpp" />
    <ClCompile Include="Source\World\Search.cpp" />
    <ClCompile Include="Source\World\Tile.cpp" />
    <ClCompile Include="Source\Librarys\Loader.cpp" />
    <ClCompile Include="Source\Librarys\RoomLibrary.cpp" />
    <ClCompile Include="Source\Librarys\TileLibrary.cpp" />
    <ClCompile Include="Source\Ship\Connector.cpp" />
    <ClCompile Include="Source\World\Room.cpp" />
    <ClCompile Include="Source\UI\UI.cpp" />
    <ClCompile Include="Source\UI\UIEditorBox.cpp" />
    <ClCompile Include="Source\UI\UIScreenBorder.cpp" />
    <ClCompile Include="Source\Editor\TileEditorBox.cpp" />
    <ClCompile Include="Source\Editor\EditorMouse.cpp" />
    <ClCompile Include="Source\Editor\RoomBuilderEditiorBox.cpp" />
    <ClCompile Include="Source\Scenes\BaseBuilderScene.cpp" />
    <ClCompile Include="Source\UI\Button.cpp" />
    <ClCompile Include="Source\BasePlayer.cpp" />
    <ClCompile Include="Source\Librarys\WorldItemLibrary.cpp" />
    <ClCompile Include="Source\WorldItems\WorldItem.cpp" />
    <ClCompile Include="Source\WorldItems\EditorITem.cpp" />
    <ClCompile Include="Source\WorldItems\ShipBuilderTerminal.cpp" />
    <ClCompile Include="Source\Scenes\DungeonGenerationTest.cpp" />
    <ClCompile Include="Source\DungeonGeneration\DungeonGeneration.cpp" />
    <ClCompile Include="GeneratedRoom.cpp" />
    <ClCompile Include="Source\Scenes\GeneratedDungionNPCTest.cpp" />
    <ClCompile Include="Source\NPC\Talking.cpp" />
    <ClCompile Include="Source\NPC\Attack.cpp" />
    <ClCompile Include="Source\Weapons\Weapon.cpp" />
    <ClCompile Include="Source\Weapons\MachineGun.cpp" />
    <ClCompile Include="Source\Weapons\Bullet.cpp" />
    <ClCompile Include="Source\NPC\Death.cpp" />
  </ItemGroup>
  <ItemGroup>
    <Text Include="map.txt" />
  </ItemGroup>
</Project>